{
  "name": "client",
  "version": "0.1.0",
  "lockfileVersion": 1,
  "requires": true,
  "dependencies": {
    "matchmedia-polyfill": {
      "version": "0.3.1",
      "resolved": "https://registry.npmjs.org/matchmedia-polyfill/-/matchmedia-polyfill-0.3.1.tgz",
      "integrity": "sha512-3zLYw2mf078kXzJv/At7FzWC4O5BAtiy+D4sRevC/lewLlhMtVHDS35eWhlP+fQzI/UUiBVu+ez0rsJJzW88iQ=="
    }
  }
}
